
Microsoft Visual Studio Solution File, Format Version 12.00
# Visual Studio Version 16
VisualStudioVersion = 16.0.30413.136
MinimumVisualStudioVersion = 10.0.40219.1
Project("{9A19103F-16F7-4668-BE54-9A1E7A4F7556}") = "Presents.Tests", "Presents.Tests.csproj", "{82461A59-4C6B-4C5E-B869-C573091F1CAD}"
EndProject
Global
	GlobalSection(SolutionConfigurationPlatforms) = preSolution
		Debug|Any CPU = Debug|Any CPU
		Release|Any CPU = Release|Any CPU
	EndGlobalSection
	GlobalSection(ProjectConfigurationPlatforms) = postSolution
		{82461A59-4C6B-4C5E-B869-C573091F1CAD}.Debug|Any CPU.ActiveCfg = Debug|Any CPU
		{82461A59-4C6B-4C5E-B869-C573091F1CAD}.Debug|Any CPU.Build.0 = Debug|Any CPU
		{82461A59-4C6B-4C5E-B869-C573091F1CAD}.Release|Any CPU.ActiveCfg = Release|Any CPU
		{82461A59-4C6B-4C5E-B869-C573091F1CAD}.Release|Any CPU.Build.0 = Release|Any CPU
	EndGlobalSection
	GlobalSection(SolutionProperties) = preSolution
		HideSolutionNode = FALSE
	EndGlobalSection
	GlobalSection(ExtensibilityGlobals) = postSolution
		SolutionGuid = {76363BD5-3FD9-454B-93AB-16BFDF4365E3}
	EndGlobalSection
EndGlobal
