
Microsoft Visual Studio Solution File, Format Version 12.00
# Visual Studio Version 16
VisualStudioVersion = 16.0.29424.173
MinimumVisualStudioVersion = 10.0.40219.1
Project("{FAE04EC0-301F-11D3-BF4B-00C04F79EFBC}") = "Prototype", "Prototype\Prototype.csproj", "{54F8A09F-1740-4DB2-99FB-4FA0C0840ABE}"
EndProject
Global
	GlobalSection(SolutionConfigurationPlatforms) = preSolution
		Debug|Any CPU = Debug|Any CPU
		Release|Any CPU = Release|Any CPU
	EndGlobalSection
	GlobalSection(ProjectConfigurationPlatforms) = postSolution
		{54F8A09F-1740-4DB2-99FB-4FA0C0840ABE}.Debug|Any CPU.ActiveCfg = Debug|Any CPU
		{54F8A09F-1740-4DB2-99FB-4FA0C0840ABE}.Debug|Any CPU.Build.0 = Debug|Any CPU
		{54F8A09F-1740-4DB2-99FB-4FA0C0840ABE}.Release|Any CPU.ActiveCfg = Release|Any CPU
		{54F8A09F-1740-4DB2-99FB-4FA0C0840ABE}.Release|Any CPU.Build.0 = Release|Any CPU
	EndGlobalSection
	GlobalSection(SolutionProperties) = preSolution
		HideSolutionNode = FALSE
	EndGlobalSection
	GlobalSection(ExtensibilityGlobals) = postSolution
		SolutionGuid = {4AB595C6-30BE-4527-AB8C-9093A54E134B}
	EndGlobalSection
EndGlobal
