
Microsoft Visual Studio Solution File, Format Version 12.00
# Visual Studio Version 16
VisualStudioVersion = 16.0.29123.88
MinimumVisualStudioVersion = 10.0.40219.1
Project("{FAE04EC0-301F-11D3-BF4B-00C04F79EFBC}") = "PointInRectangle", "Point in Rectangle\PointInRectangle.csproj", "{446243DE-E0B7-49DB-9099-86B6BC0ABDD6}"
EndProject
Global
	GlobalSection(SolutionConfigurationPlatforms) = preSolution
		Debug|Any CPU = Debug|Any CPU
		Release|Any CPU = Release|Any CPU
	EndGlobalSection
	GlobalSection(ProjectConfigurationPlatforms) = postSolution
		{446243DE-E0B7-49DB-9099-86B6BC0ABDD6}.Debug|Any CPU.ActiveCfg = Debug|Any CPU
		{446243DE-E0B7-49DB-9099-86B6BC0ABDD6}.Debug|Any CPU.Build.0 = Debug|Any CPU
		{446243DE-E0B7-49DB-9099-86B6BC0ABDD6}.Release|Any CPU.ActiveCfg = Release|Any CPU
		{446243DE-E0B7-49DB-9099-86B6BC0ABDD6}.Release|Any CPU.Build.0 = Release|Any CPU
	EndGlobalSection
	GlobalSection(SolutionProperties) = preSolution
		HideSolutionNode = FALSE
	EndGlobalSection
	GlobalSection(ExtensibilityGlobals) = postSolution
		SolutionGuid = {B9FFD2BA-8253-4E51-9BA2-629C0C600F26}
	EndGlobalSection
EndGlobal
