
Microsoft Visual Studio Solution File, Format Version 12.00
# Visual Studio Version 16
VisualStudioVersion = 16.0.29806.167
MinimumVisualStudioVersion = 10.0.40219.1
Project("{9A19103F-16F7-4668-BE54-9A1E7A4F7556}") = "01. Define an Interface IPerson", "01. Define an Interface IPerson.csproj", "{BC0AF0C0-BC22-46CF-891F-2E88EE244484}"
EndProject
Global
	GlobalSection(SolutionConfigurationPlatforms) = preSolution
		Debug|Any CPU = Debug|Any CPU
		Release|Any CPU = Release|Any CPU
	EndGlobalSection
	GlobalSection(ProjectConfigurationPlatforms) = postSolution
		{BC0AF0C0-BC22-46CF-891F-2E88EE244484}.Debug|Any CPU.ActiveCfg = Debug|Any CPU
		{BC0AF0C0-BC22-46CF-891F-2E88EE244484}.Debug|Any CPU.Build.0 = Debug|Any CPU
		{BC0AF0C0-BC22-46CF-891F-2E88EE244484}.Release|Any CPU.ActiveCfg = Release|Any CPU
		{BC0AF0C0-BC22-46CF-891F-2E88EE244484}.Release|Any CPU.Build.0 = Release|Any CPU
	EndGlobalSection
	GlobalSection(SolutionProperties) = preSolution
		HideSolutionNode = FALSE
	EndGlobalSection
	GlobalSection(ExtensibilityGlobals) = postSolution
		SolutionGuid = {83C75083-E6E8-439E-9388-F9A363BE208A}
	EndGlobalSection
EndGlobal
