
Microsoft Visual Studio Solution File, Format Version 12.00
# Visual Studio Version 16
VisualStudioVersion = 16.0.29123.88
MinimumVisualStudioVersion = 10.0.40219.1
Project("{9A19103F-16F7-4668-BE54-9A1E7A4F7556}") = "StudentSystemCatalog", "StudentSystemCatalog.csproj", "{0112B4B9-84E0-4404-BBB4-7FABED086873}"
EndProject
Global
	GlobalSection(SolutionConfigurationPlatforms) = preSolution
		Debug|Any CPU = Debug|Any CPU
		Release|Any CPU = Release|Any CPU
	EndGlobalSection
	GlobalSection(ProjectConfigurationPlatforms) = postSolution
		{0112B4B9-84E0-4404-BBB4-7FABED086873}.Debug|Any CPU.ActiveCfg = Debug|Any CPU
		{0112B4B9-84E0-4404-BBB4-7FABED086873}.Debug|Any CPU.Build.0 = Debug|Any CPU
		{0112B4B9-84E0-4404-BBB4-7FABED086873}.Release|Any CPU.ActiveCfg = Release|Any CPU
		{0112B4B9-84E0-4404-BBB4-7FABED086873}.Release|Any CPU.Build.0 = Release|Any CPU
	EndGlobalSection
	GlobalSection(SolutionProperties) = preSolution
		HideSolutionNode = FALSE
	EndGlobalSection
	GlobalSection(ExtensibilityGlobals) = postSolution
		SolutionGuid = {59875F32-F6EB-4091-B898-D5A7E4C542A2}
	EndGlobalSection
EndGlobal
