
Microsoft Visual Studio Solution File, Format Version 12.00
# Visual Studio Version 16
VisualStudioVersion = 16.0.30503.244
MinimumVisualStudioVersion = 10.0.40219.1
Project("{FAE04EC0-301F-11D3-BF4B-00C04F79EFBC}") = "04. Dota Tournament", "04. Dota Tournament.csproj", "{87BA4B18-2734-4BD2-9F08-44C3F0105955}"
EndProject
Global
	GlobalSection(SolutionConfigurationPlatforms) = preSolution
		Debug|Any CPU = Debug|Any CPU
		Release|Any CPU = Release|Any CPU
	EndGlobalSection
	GlobalSection(ProjectConfigurationPlatforms) = postSolution
		{87BA4B18-2734-4BD2-9F08-44C3F0105955}.Debug|Any CPU.ActiveCfg = Debug|Any CPU
		{87BA4B18-2734-4BD2-9F08-44C3F0105955}.Debug|Any CPU.Build.0 = Debug|Any CPU
		{87BA4B18-2734-4BD2-9F08-44C3F0105955}.Release|Any CPU.ActiveCfg = Release|Any CPU
		{87BA4B18-2734-4BD2-9F08-44C3F0105955}.Release|Any CPU.Build.0 = Release|Any CPU
	EndGlobalSection
	GlobalSection(SolutionProperties) = preSolution
		HideSolutionNode = FALSE
	EndGlobalSection
	GlobalSection(ExtensibilityGlobals) = postSolution
		SolutionGuid = {54E4844F-3360-4BA1-BBAF-7D340D6240AF}
	EndGlobalSection
EndGlobal
