
Microsoft Visual Studio Solution File, Format Version 12.00
# Visual Studio Version 16
VisualStudioVersion = 16.0.29424.173
MinimumVisualStudioVersion = 10.0.40219.1
Project("{FAE04EC0-301F-11D3-BF4B-00C04F79EFBC}") = "01. Data Types", "01. Data Types.csproj", "{D23757D3-B0E1-43D8-90C8-942FB0C18407}"
EndProject
Project("{FAE04EC0-301F-11D3-BF4B-00C04F79EFBC}") = "02. Center Point", "..\02. Center Point\02. Center Point.csproj", "{1B0D789C-C638-48B6-BFB3-4387253171E2}"
EndProject
Project("{FAE04EC0-301F-11D3-BF4B-00C04F79EFBC}") = "03. Longer Line", "..\03. Longer Line\03. Longer Line.csproj", "{F31EF98B-2411-451B-A831-CFE700B00804}"
EndProject
Project("{FAE04EC0-301F-11D3-BF4B-00C04F79EFBC}") = "04. Tribonacci Sequence", "..\04. Tribonacci Sequence\04. Tribonacci Sequence.csproj", "{8FF99918-8181-474A-A2D6-5766B56B1D36}"
EndProject
Project("{FAE04EC0-301F-11D3-BF4B-00C04F79EFBC}") = "05. Multiplication Sign", "..\05. Multiplication Sign\05. Multiplication Sign.csproj", "{E2C950DF-F9BF-49F8-81B3-787B0D9F9D57}"
EndProject
Global
	GlobalSection(SolutionConfigurationPlatforms) = preSolution
		Debug|Any CPU = Debug|Any CPU
		Release|Any CPU = Release|Any CPU
	EndGlobalSection
	GlobalSection(ProjectConfigurationPlatforms) = postSolution
		{D23757D3-B0E1-43D8-90C8-942FB0C18407}.Debug|Any CPU.ActiveCfg = Debug|Any CPU
		{D23757D3-B0E1-43D8-90C8-942FB0C18407}.Debug|Any CPU.Build.0 = Debug|Any CPU
		{D23757D3-B0E1-43D8-90C8-942FB0C18407}.Release|Any CPU.ActiveCfg = Release|Any CPU
		{D23757D3-B0E1-43D8-90C8-942FB0C18407}.Release|Any CPU.Build.0 = Release|Any CPU
		{1B0D789C-C638-48B6-BFB3-4387253171E2}.Debug|Any CPU.ActiveCfg = Debug|Any CPU
		{1B0D789C-C638-48B6-BFB3-4387253171E2}.Debug|Any CPU.Build.0 = Debug|Any CPU
		{1B0D789C-C638-48B6-BFB3-4387253171E2}.Release|Any CPU.ActiveCfg = Release|Any CPU
		{1B0D789C-C638-48B6-BFB3-4387253171E2}.Release|Any CPU.Build.0 = Release|Any CPU
		{F31EF98B-2411-451B-A831-CFE700B00804}.Debug|Any CPU.ActiveCfg = Debug|Any CPU
		{F31EF98B-2411-451B-A831-CFE700B00804}.Debug|Any CPU.Build.0 = Debug|Any CPU
		{F31EF98B-2411-451B-A831-CFE700B00804}.Release|Any CPU.ActiveCfg = Release|Any CPU
		{F31EF98B-2411-451B-A831-CFE700B00804}.Release|Any CPU.Build.0 = Release|Any CPU
		{8FF99918-8181-474A-A2D6-5766B56B1D36}.Debug|Any CPU.ActiveCfg = Debug|Any CPU
		{8FF99918-8181-474A-A2D6-5766B56B1D36}.Debug|Any CPU.Build.0 = Debug|Any CPU
		{8FF99918-8181-474A-A2D6-5766B56B1D36}.Release|Any CPU.ActiveCfg = Release|Any CPU
		{8FF99918-8181-474A-A2D6-5766B56B1D36}.Release|Any CPU.Build.0 = Release|Any CPU
		{E2C950DF-F9BF-49F8-81B3-787B0D9F9D57}.Debug|Any CPU.ActiveCfg = Debug|Any CPU
		{E2C950DF-F9BF-49F8-81B3-787B0D9F9D57}.Debug|Any CPU.Build.0 = Debug|Any CPU
		{E2C950DF-F9BF-49F8-81B3-787B0D9F9D57}.Release|Any CPU.ActiveCfg = Release|Any CPU
		{E2C950DF-F9BF-49F8-81B3-787B0D9F9D57}.Release|Any CPU.Build.0 = Release|Any CPU
	EndGlobalSection
	GlobalSection(SolutionProperties) = preSolution
		HideSolutionNode = FALSE
	EndGlobalSection
	GlobalSection(ExtensibilityGlobals) = postSolution
		SolutionGuid = {EC59AD60-76DC-46BE-841F-195ABA956875}
	EndGlobalSection
EndGlobal
